
Microsoft Visual Studio Solution File, Format Version 12.00
# Visual Studio Version 16
VisualStudioVersion = 16.0.29613.14
MinimumVisualStudioVersion = 10.0.40219.1
Project("{FAE04EC0-301F-11D3-BF4B-00C04F79EFBC}") = "OcelotTEstAppi", "OcelotTEstAppi\OcelotTEstAppi.csproj", "{14688364-59D0-4EEC-912A-19C22E919340}"
EndProject
Global
	GlobalSection(SolutionConfigurationPlatforms) = preSolution
		Debug|Any CPU = Debug|Any CPU
		Release|Any CPU = Release|Any CPU
	EndGlobalSection
	GlobalSection(ProjectConfigurationPlatforms) = postSolution
		{14688364-59D0-4EEC-912A-19C22E919340}.Debug|Any CPU.ActiveCfg = Debug|Any CPU
		{14688364-59D0-4EEC-912A-19C22E919340}.Debug|Any CPU.Build.0 = Debug|Any CPU
		{14688364-59D0-4EEC-912A-19C22E919340}.Release|Any CPU.ActiveCfg = Release|Any CPU
		{14688364-59D0-4EEC-912A-19C22E919340}.Release|Any CPU.Build.0 = Release|Any CPU
	EndGlobalSection
	GlobalSection(SolutionProperties) = preSolution
		HideSolutionNode = FALSE
	EndGlobalSection
	GlobalSection(ExtensibilityGlobals) = postSolution
		SolutionGuid = {B4CEE51D-A23C-429F-9B01-B221EB185B0A}
	EndGlobalSection
EndGlobal
